
Microsoft Visual Studio Solution File, Format Version 12.00
# Visual Studio Version 16
VisualStudioVersion = 16.0.30011.22
MinimumVisualStudioVersion = 10.0.40219.1
Project("{9A19103F-16F7-4668-BE54-9A1E7A4F7556}") = "EFCore.Example.Api", "src\EFCore.Example.Api\EFCore.Example.Api.csproj", "{6EDBB900-B058-4B70-8566-2EA31EE5043F}"
EndProject
Project("{2150E333-8FDC-42A3-9474-1A3956D46DE8}") = "src", "src", "{BECF7A05-DA60-4677-B84D-6086FDBE3164}"
EndProject
Project("{2150E333-8FDC-42A3-9474-1A3956D46DE8}") = "SolutionItems", "SolutionItems", "{3B3DFE53-2D26-4F3B-BA10-51D90821E315}"
	ProjectSection(SolutionItems) = preProject
		CHANGELOG.md = CHANGELOG.md
		README.md = README.md
	EndProjectSection
EndProject
Project("{2150E333-8FDC-42A3-9474-1A3956D46DE8}") = "tests", "tests", "{574D858A-E053-4B37-959B-4631B472E3FB}"
EndProject
Project("{9A19103F-16F7-4668-BE54-9A1E7A4F7556}") = "EFCore.Example.UnitTests", "tests\EFCore.Example.UnitTests\EFCore.Example.UnitTests.csproj", "{4AF29CB9-14DE-44AC-824B-E7C1E7B744A3}"
EndProject
Project("{2150E333-8FDC-42A3-9474-1A3956D46DE8}") = "build", "build", "{ECE65BFF-3146-473A-9BB3-D75F22885D9B}"
	ProjectSection(SolutionItems) = preProject
		docker-compose.yml = docker-compose.yml
	EndProjectSection
EndProject
Project("{FAE04EC0-301F-11D3-BF4B-00C04F79EFBC}") = "EFCore.Example.Infrastructure", "src\EFCore.Example.Infrastructure\EFCore.Example.Infrastructure.csproj", "{03A1000F-9111-4FB6-B34E-EC12944391DB}"
EndProject
Project("{FAE04EC0-301F-11D3-BF4B-00C04F79EFBC}") = "EFCore.Example.Application", "src\EFCore.Example.Application\EFCore.Example.Application.csproj", "{25246F00-9EE5-46A7-AAEB-5F29C1565B98}"
EndProject
Project("{FAE04EC0-301F-11D3-BF4B-00C04F79EFBC}") = "EFCore.Example.Domain", "src\EFCore.Example.Domain\EFCore.Example.Domain.csproj", "{ABAF6270-CF18-4794-A714-D6E157BDF026}"
EndProject
Global
	GlobalSection(SolutionConfigurationPlatforms) = preSolution
		Debug|Any CPU = Debug|Any CPU
		Release|Any CPU = Release|Any CPU
	EndGlobalSection
	GlobalSection(ProjectConfigurationPlatforms) = postSolution
		{6EDBB900-B058-4B70-8566-2EA31EE5043F}.Debug|Any CPU.ActiveCfg = Debug|Any CPU
		{6EDBB900-B058-4B70-8566-2EA31EE5043F}.Debug|Any CPU.Build.0 = Debug|Any CPU
		{6EDBB900-B058-4B70-8566-2EA31EE5043F}.Release|Any CPU.ActiveCfg = Release|Any CPU
		{6EDBB900-B058-4B70-8566-2EA31EE5043F}.Release|Any CPU.Build.0 = Release|Any CPU
		{4AF29CB9-14DE-44AC-824B-E7C1E7B744A3}.Debug|Any CPU.ActiveCfg = Debug|Any CPU
		{4AF29CB9-14DE-44AC-824B-E7C1E7B744A3}.Debug|Any CPU.Build.0 = Debug|Any CPU
		{4AF29CB9-14DE-44AC-824B-E7C1E7B744A3}.Release|Any CPU.ActiveCfg = Release|Any CPU
		{4AF29CB9-14DE-44AC-824B-E7C1E7B744A3}.Release|Any CPU.Build.0 = Release|Any CPU
		{03A1000F-9111-4FB6-B34E-EC12944391DB}.Debug|Any CPU.ActiveCfg = Debug|Any CPU
		{03A1000F-9111-4FB6-B34E-EC12944391DB}.Debug|Any CPU.Build.0 = Debug|Any CPU
		{03A1000F-9111-4FB6-B34E-EC12944391DB}.Release|Any CPU.ActiveCfg = Release|Any CPU
		{03A1000F-9111-4FB6-B34E-EC12944391DB}.Release|Any CPU.Build.0 = Release|Any CPU
		{25246F00-9EE5-46A7-AAEB-5F29C1565B98}.Debug|Any CPU.ActiveCfg = Debug|Any CPU
		{25246F00-9EE5-46A7-AAEB-5F29C1565B98}.Debug|Any CPU.Build.0 = Debug|Any CPU
		{25246F00-9EE5-46A7-AAEB-5F29C1565B98}.Release|Any CPU.ActiveCfg = Release|Any CPU
		{25246F00-9EE5-46A7-AAEB-5F29C1565B98}.Release|Any CPU.Build.0 = Release|Any CPU
		{ABAF6270-CF18-4794-A714-D6E157BDF026}.Debug|Any CPU.ActiveCfg = Debug|Any CPU
		{ABAF6270-CF18-4794-A714-D6E157BDF026}.Debug|Any CPU.Build.0 = Debug|Any CPU
		{ABAF6270-CF18-4794-A714-D6E157BDF026}.Release|Any CPU.ActiveCfg = Release|Any CPU
		{ABAF6270-CF18-4794-A714-D6E157BDF026}.Release|Any CPU.Build.0 = Release|Any CPU
	EndGlobalSection
	GlobalSection(SolutionProperties) = preSolution
		HideSolutionNode = FALSE
	EndGlobalSection
	GlobalSection(NestedProjects) = preSolution
		{6EDBB900-B058-4B70-8566-2EA31EE5043F} = {BECF7A05-DA60-4677-B84D-6086FDBE3164}
		{4AF29CB9-14DE-44AC-824B-E7C1E7B744A3} = {574D858A-E053-4B37-959B-4631B472E3FB}
		{03A1000F-9111-4FB6-B34E-EC12944391DB} = {BECF7A05-DA60-4677-B84D-6086FDBE3164}
		{25246F00-9EE5-46A7-AAEB-5F29C1565B98} = {BECF7A05-DA60-4677-B84D-6086FDBE3164}
		{ABAF6270-CF18-4794-A714-D6E157BDF026} = {BECF7A05-DA60-4677-B84D-6086FDBE3164}
	EndGlobalSection
	GlobalSection(ExtensibilityGlobals) = postSolution
		SolutionGuid = {5452C1F7-F4EC-4384-AE56-A67CAC7568E9}
	EndGlobalSection
EndGlobal
